PODS:
  - boost-for-react-native (1.63.0)
  - DoubleConversion (1.1.6)
  - EXApplication (4.0.0):
    - ExpoModulesCore
  - EXBarCodeScanner (11.2.0):
    - EXImageLoader
    - ExpoModulesCore
    - ZXingObjC/OneD
    - ZXingObjC/PDF417
  - EXClipboard (2.0.3):
    - ExpoModulesCore
  - EXConstants (12.1.3):
    - ExpoModulesCore
  - EXFileSystem (13.0.3):
    - ExpoModulesCore
  - EXFont (10.0.3):
    - ExpoModulesCore
  - EXImageLoader (3.1.0):
    - ExpoModulesCore
    - React-Core
  - EXJSONUtils (0.2.0)
  - EXKeepAwake (10.0.0):
    - ExpoModulesCore
  - EXLocation (13.0.4):
    - ExpoModulesCore
    - UMTaskManagerInterface
  - EXManifests (0.2.2):
    - EXJSONUtils
  - Expo (43.0.3):
    - ExpoModulesCore
  - expo-dev-client (0.6.3):
    - EXManifests
    - expo-dev-launcher
    - expo-dev-menu
    - expo-dev-menu-interface
    - EXUpdatesInterface
  - expo-dev-launcher (0.8.4):
    - EXManifests
    - expo-dev-launcher/Main (= 0.8.4)
    - expo-dev-menu-interface
    - EXUpdatesInterface
    - React-Core
  - expo-dev-launcher/Main (0.8.4):
    - EXManifests
    - expo-dev-launcher/Unsafe
    - expo-dev-menu-interface
    - EXUpdatesInterface
    - React-Core
  - expo-dev-launcher/Unsafe (0.8.4):
    - EXManifests
    - expo-dev-menu-interface
    - EXUpdatesInterface
    - React-Core
  - expo-dev-menu (0.8.4):
    - expo-dev-menu-interface
    - expo-dev-menu/Main (= 0.8.4)
    - React-Core
  - expo-dev-menu-interface (0.4.1)
  - expo-dev-menu/Main (0.8.4):
    - expo-dev-menu-interface
    - expo-dev-menu/Vendored
    - React-Core
  - expo-dev-menu/Vendored (0.8.4):
    - expo-dev-menu-interface
    - React-Core
  - ExpoModulesCore (0.4.8):
    - React-Core
  - EXSplashScreen (0.13.5):
    - ExpoModulesCore
    - React-Core
  - EXStructuredHeaders (2.0.0)
  - EXUpdates (0.10.15):
    - EXManifests
    - ExpoModulesCore
    - EXStructuredHeaders
    - EXUpdatesInterface
    - React-Core
  - EXUpdatesInterface (0.4.0)
  - FBLazyVector (0.64.3)
  - FBReactNativeSpec (0.64.3):
    - RCT-Folly (= 2020.01.13.00)
    - RCTRequired (= 0.64.3)
    - RCTTypeSafety (= 0.64.3)
    - React-Core (= 0.64.3)
    - React-jsi (= 0.64.3)
    - ReactCommon/turbomodule/core (= 0.64.3)
  - glog (0.3.5)
  - MultiplatformBleAdapter (0.1.9)
  - RCT-Folly (2020.01.13.00):
    - boost-for-react-native
    - DoubleConversion
    - glog
    - RCT-Folly/Default (= 2020.01.13.00)
  - RCT-Folly/Default (2020.01.13.00):
    - boost-for-react-native
    - DoubleConversion
    - glog
  - RCTRequired (0.64.3)
  - RCTTypeSafety (0.64.3):
    - FBLazyVector (= 0.64.3)
    - RCT-Folly (= 2020.01.13.00)
    - RCTRequired (= 0.64.3)
    - React-Core (= 0.64.3)
  - React (0.64.3):
    - React-Core (= 0.64.3)
    - React-Core/DevSupport (= 0.64.3)
    - React-Core/RCTWebSocket (= 0.64.3)
    - React-RCTActionSheet (= 0.64.3)
    - React-RCTAnimation (= 0.64.3)
    - React-RCTBlob (= 0.64.3)
    - React-RCTImage (= 0.64.3)
    - React-RCTLinking (= 0.64.3)
    - React-RCTNetwork (= 0.64.3)
    - React-RCTSettings (= 0.64.3)
    - React-RCTText (= 0.64.3)
    - React-RCTVibration (= 0.64.3)
  - React-callinvoker (0.64.3)
  - React-Core (0.64.3):
    - glog
    - RCT-Folly (= 2020.01.13.00)
    - React-Core/Default (= 0.64.3)
    - React-cxxreact (= 0.64.3)
    - React-jsi (= 0.64.3)
    - React-jsiexecutor (= 0.64.3)
    - React-perflogger (= 0.64.3)
    - Yoga
  - React-Core/CoreModulesHeaders (0.64.3):
    - glog
    - RCT-Folly (= 2020.01.13.00)
    - React-Core/Default
    - React-cxxreact (= 0.64.3)
    - React-jsi (= 0.64.3)
    - React-jsiexecutor (= 0.64.3)
    - React-perflogger (= 0.64.3)
    - Yoga
  - React-Core/Default (0.64.3):
    - glog
    - RCT-Folly (= 2020.01.13.00)
    - React-cxxreact (= 0.64.3)
    - React-jsi (= 0.64.3)
    - React-jsiexecutor (= 0.64.3)
    - React-perflogger (= 0.64.3)
    - Yoga
  - React-Core/DevSupport (0.64.3):
    - glog
    - RCT-Folly (= 2020.01.13.00)
    - React-Core/Default (= 0.64.3)
    - React-Core/RCTWebSocket (= 0.64.3)
    - React-cxxreact (= 0.64.3)
    - React-jsi (= 0.64.3)
    - React-jsiexecutor (= 0.64.3)
    - React-jsinspector (= 0.64.3)
    - React-perflogger (= 0.64.3)
    - Yoga
  - React-Core/RCTActionSheetHeaders (0.64.3):
    - glog
    - RCT-Folly (= 2020.01.13.00)
    - React-Core/Default
    - React-cxxreact (= 0.64.3)
    - React-jsi (= 0.64.3)
    - React-jsiexecutor (= 0.64.3)
    - React-perflogger (= 0.64.3)
    - Yoga
  - React-Core/RCTAnimationHeaders (0.64.3):
    - glog
    - RCT-Folly (= 2020.01.13.00)
    - React-Core/Default
    - React-cxxreact (= 0.64.3)
    - React-jsi (= 0.64.3)
    - React-jsiexecutor (= 0.64.3)
    - React-perflogger (= 0.64.3)
    - Yoga
  - React-Core/RCTBlobHeaders (0.64.3):
    - glog
    - RCT-Folly (= 2020.01.13.00)
    - React-Core/Default
    - React-cxxreact (= 0.64.3)
    - React-jsi (= 0.64.3)
    - React-jsiexecutor (= 0.64.3)
    - React-perflogger (= 0.64.3)
    - Yoga
  - React-Core/RCTImageHeaders (0.64.3):
    - glog
    - RCT-Folly (= 2020.01.13.00)
    - React-Core/Default
    - React-cxxreact (= 0.64.3)
    - React-jsi (= 0.64.3)
    - React-jsiexecutor (= 0.64.3)
    - React-perflogger (= 0.64.3)
    - Yoga
  - React-Core/RCTLinkingHeaders (0.64.3):
    - glog
    - RCT-Folly (= 2020.01.13.00)
    - React-Core/Default
    - React-cxxreact (= 0.64.3)
    - React-jsi (= 0.64.3)
    - React-jsiexecutor (= 0.64.3)
    - React-perflogger (= 0.64.3)
    - Yoga
  - React-Core/RCTNetworkHeaders (0.64.3):
    - glog
    - RCT-Folly (= 2020.01.13.00)
    - React-Core/Default
    - React-cxxreact (= 0.64.3)
    - React-jsi (= 0.64.3)
    - React-jsiexecutor (= 0.64.3)
    - React-perflogger (= 0.64.3)
    - Yoga
  - React-Core/RCTSettingsHeaders (0.64.3):
    - glog
    - RCT-Folly (= 2020.01.13.00)
    - React-Core/Default
    - React-cxxreact (= 0.64.3)
    - React-jsi (= 0.64.3)
    - React-jsiexecutor (= 0.64.3)
    - React-perflogger (= 0.64.3)
    - Yoga
  - React-Core/RCTTextHeaders (0.64.3):
    - glog
    - RCT-Folly (= 2020.01.13.00)
    - React-Core/Default
    - React-cxxreact (= 0.64.3)
    - React-jsi (= 0.64.3)
    - React-jsiexecutor (= 0.64.3)
    - React-perflogger (= 0.64.3)
    - Yoga
  - React-Core/RCTVibrationHeaders (0.64.3):
    - glog
    - RCT-Folly (= 2020.01.13.00)
    - React-Core/Default
    - React-cxxreact (= 0.64.3)
    - React-jsi (= 0.64.3)
    - React-jsiexecutor (= 0.64.3)
    - React-perflogger (= 0.64.3)
    - Yoga
  - React-Core/RCTWebSocket (0.64.3):
    - glog
    - RCT-Folly (= 2020.01.13.00)
    - React-Core/Default (= 0.64.3)
    - React-cxxreact (= 0.64.3)
    - React-jsi (= 0.64.3)
    - React-jsiexecutor (= 0.64.3)
    - React-perflogger (= 0.64.3)
    - Yoga
  - React-CoreModules (0.64.3):
    - FBReactNativeSpec (= 0.64.3)
    - RCT-Folly (= 2020.01.13.00)
    - RCTTypeSafety (= 0.64.3)
    - React-Core/CoreModulesHeaders (= 0.64.3)
    - React-jsi (= 0.64.3)
    - React-RCTImage (= 0.64.3)
    - ReactCommon/turbomodule/core (= 0.64.3)
  - React-cxxreact (0.64.3):
    - boost-for-react-native (= 1.63.0)
    - DoubleConversion
    - glog
    - RCT-Folly (= 2020.01.13.00)
    - React-callinvoker (= 0.64.3)
    - React-jsi (= 0.64.3)
    - React-jsinspector (= 0.64.3)
    - React-perflogger (= 0.64.3)
    - React-runtimeexecutor (= 0.64.3)
  - React-jsi (0.64.3):
    - boost-for-react-native (= 1.63.0)
    - DoubleConversion
    - glog
    - RCT-Folly (= 2020.01.13.00)
    - React-jsi/Default (= 0.64.3)
  - React-jsi/Default (0.64.3):
    - boost-for-react-native (= 1.63.0)
    - DoubleConversion
    - glog
    - RCT-Folly (= 2020.01.13.00)
  - React-jsiexecutor (0.64.3):
    - DoubleConversion
    - glog
    - RCT-Folly (= 2020.01.13.00)
    - React-cxxreact (= 0.64.3)
    - React-jsi (= 0.64.3)
    - React-perflogger (= 0.64.3)
  - React-jsinspector (0.64.3)
  - react-native-ble-plx (2.0.3):
    - MultiplatformBleAdapter (= 0.1.9)
    - React-Core
  - react-native-config (1.4.5):
    - react-native-config/App (= 1.4.5)
  - react-native-config/App (1.4.5):
    - React-Core
  - react-native-pager-view (5.4.9):
    - React-Core
  - react-native-safe-area-context (3.3.2):
    - React-Core
  - react-native-webview (11.15.0):
    - React-Core
  - React-perflogger (0.64.3)
  - React-RCTActionSheet (0.64.3):
    - React-Core/RCTActionSheetHeaders (= 0.64.3)
  - React-RCTAnimation (0.64.3):
    - FBReactNativeSpec (= 0.64.3)
    - RCT-Folly (= 2020.01.13.00)
    - RCTTypeSafety (= 0.64.3)
    - React-Core/RCTAnimationHeaders (= 0.64.3)
    - React-jsi (= 0.64.3)
    - ReactCommon/turbomodule/core (= 0.64.3)
  - React-RCTBlob (0.64.3):
    - FBReactNativeSpec (= 0.64.3)
    - RCT-Folly (= 2020.01.13.00)
    - React-Core/RCTBlobHeaders (= 0.64.3)
    - React-Core/RCTWebSocket (= 0.64.3)
    - React-jsi (= 0.64.3)
    - React-RCTNetwork (= 0.64.3)
    - ReactCommon/turbomodule/core (= 0.64.3)
  - React-RCTImage (0.64.3):
    - FBReactNativeSpec (= 0.64.3)
    - RCT-Folly (= 2020.01.13.00)
    - RCTTypeSafety (= 0.64.3)
    - React-Core/RCTImageHeaders (= 0.64.3)
    - React-jsi (= 0.64.3)
    - React-RCTNetwork (= 0.64.3)
    - ReactCommon/turbomodule/core (= 0.64.3)
  - React-RCTLinking (0.64.3):
    - FBReactNativeSpec (= 0.64.3)
    - React-Core/RCTLinkingHeaders (= 0.64.3)
    - React-jsi (= 0.64.3)
    - ReactCommon/turbomodule/core (= 0.64.3)
  - React-RCTNetwork (0.64.3):
    - FBReactNativeSpec (= 0.64.3)
    - RCT-Folly (= 2020.01.13.00)
    - RCTTypeSafety (= 0.64.3)
    - React-Core/RCTNetworkHeaders (= 0.64.3)
    - React-jsi (= 0.64.3)
    - ReactCommon/turbomodule/core (= 0.64.3)
  - React-RCTSettings (0.64.3):
    - FBReactNativeSpec (= 0.64.3)
    - RCT-Folly (= 2020.01.13.00)
    - RCTTypeSafety (= 0.64.3)
    - React-Core/RCTSettingsHeaders (= 0.64.3)
    - React-jsi (= 0.64.3)
    - ReactCommon/turbomodule/core (= 0.64.3)
  - React-RCTText (0.64.3):
    - React-Core/RCTTextHeaders (= 0.64.3)
  - React-RCTVibration (0.64.3):
    - FBReactNativeSpec (= 0.64.3)
    - RCT-Folly (= 2020.01.13.00)
    - React-Core/RCTVibrationHeaders (= 0.64.3)
    - React-jsi (= 0.64.3)
    - ReactCommon/turbomodule/core (= 0.64.3)
  - React-runtimeexecutor (0.64.3):
    - React-jsi (= 0.64.3)
  - ReactCommon/turbomodule/core (0.64.3):
    - DoubleConversion
    - glog
    - RCT-Folly (= 2020.01.13.00)
    - React-callinvoker (= 0.64.3)
    - React-Core (= 0.64.3)
    - React-cxxreact (= 0.64.3)
    - React-jsi (= 0.64.3)
    - React-perflogger (= 0.64.3)
  - RNGestureHandler (1.10.3):
    - React-Core
  - RNReanimated (2.2.4):
    - DoubleConversion
    - FBLazyVector
    - FBReactNativeSpec
    - glog
    - RCT-Folly
    - RCTRequired
    - RCTTypeSafety
    - React
    - React-callinvoker
    - React-Core
    - React-Core/DevSupport
    - React-Core/RCTWebSocket
    - React-CoreModules
    - React-cxxreact
    - React-jsi
    - React-jsiexecutor
    - React-jsinspector
    - React-RCTActionSheet
    - React-RCTAnimation
    - React-RCTBlob
    - React-RCTImage
    - React-RCTLinking
    - React-RCTNetwork
    - React-RCTSettings
    - React-RCTText
    - React-RCTVibration
    - ReactCommon/turbomodule/core
    - Yoga
  - RNScreens (3.8.0):
    - React-Core
    - React-RCTImage
  - RNSVG (9.13.6):
    - React
  - UMTaskManagerInterface (7.0.3):
    - ExpoModulesCore
  - Yoga (1.14.0)
  - ZXingObjC/Core (3.6.5)
  - ZXingObjC/OneD (3.6.5):
    - ZXingObjC/Core
  - ZXingObjC/PDF417 (3.6.5):
    - ZXingObjC/Core

DEPENDENCIES:
  - DoubleConversion (from `../../../node_modules/react-native/third-party-podspecs/DoubleConversion.podspec`)
  - EXApplication (from `../../../node_modules/expo-application/ios`)
  - EXBarCodeScanner (from `../../../node_modules/expo-barcode-scanner/ios`)
  - EXClipboard (from `../../../node_modules/expo-clipboard/ios`)
  - EXConstants (from `../../../node_modules/expo-constants/ios`)
  - EXFileSystem (from `../../../node_modules/expo-file-system/ios`)
  - EXFont (from `../../../node_modules/expo-font/ios`)
  - EXImageLoader (from `../../../node_modules/expo-image-loader/ios`)
  - EXJSONUtils (from `../../../node_modules/expo-json-utils/ios`)
  - EXKeepAwake (from `../../../node_modules/expo-keep-awake/ios`)
  - EXLocation (from `../../../node_modules/expo-location/ios`)
  - EXManifests (from `../../../node_modules/expo-manifests/ios`)
  - Expo (from `../../../node_modules/expo/ios`)
  - expo-dev-client (from `../../../node_modules/expo-dev-client`)
  - expo-dev-launcher (from `../../../node_modules/expo-dev-launcher`)
  - expo-dev-menu (from `../../../node_modules/expo-dev-menu`)
  - expo-dev-menu-interface (from `../../../node_modules/expo-dev-menu-interface`)
  - ExpoModulesCore (from `../../../node_modules/expo-modules-core/ios`)
  - EXSplashScreen (from `../../../node_modules/expo-splash-screen/ios`)
  - EXStructuredHeaders (from `../../../node_modules/expo-structured-headers/ios`)
  - EXUpdates (from `../../../node_modules/expo-updates/ios`)
  - EXUpdatesInterface (from `../../../node_modules/expo-updates-interface/ios`)
  - FBLazyVector (from `../../../node_modules/react-native/Libraries/FBLazyVector`)
  - FBReactNativeSpec (from `../../../node_modules/react-native/React/FBReactNativeSpec`)
  - glog (from `../../../node_modules/react-native/third-party-podspecs/glog.podspec`)
  - RCT-Folly (from `../../../node_modules/react-native/third-party-podspecs/RCT-Folly.podspec`)
  - RCTRequired (from `../../../node_modules/react-native/Libraries/RCTRequired`)
  - RCTTypeSafety (from `../../../node_modules/react-native/Libraries/TypeSafety`)
  - React (from `../../../node_modules/react-native/`)
  - React-callinvoker (from `../../../node_modules/react-native/ReactCommon/callinvoker`)
  - React-Core (from `../../../node_modules/react-native/`)
  - React-Core/DevSupport (from `../../../node_modules/react-native/`)
  - React-Core/RCTWebSocket (from `../../../node_modules/react-native/`)
  - React-CoreModules (from `../../../node_modules/react-native/React/CoreModules`)
  - React-cxxreact (from `../../../node_modules/react-native/ReactCommon/cxxreact`)
  - React-jsi (from `../../../node_modules/react-native/ReactCommon/jsi`)
  - React-jsiexecutor (from `../../../node_modules/react-native/ReactCommon/jsiexecutor`)
  - React-jsinspector (from `../../../node_modules/react-native/ReactCommon/jsinspector`)
  - react-native-ble-plx (from `../../../node_modules/react-native-ble-plx`)
  - react-native-config (from `../../../node_modules/react-native-config`)
  - react-native-pager-view (from `../../../node_modules/react-native-pager-view`)
  - react-native-safe-area-context (from `../../../node_modules/react-native-safe-area-context`)
  - react-native-webview (from `../../../node_modules/react-native-webview`)
  - React-perflogger (from `../../../node_modules/react-native/ReactCommon/reactperflogger`)
  - React-RCTActionSheet (from `../../../node_modules/react-native/Libraries/ActionSheetIOS`)
  - React-RCTAnimation (from `../../../node_modules/react-native/Libraries/NativeAnimation`)
  - React-RCTBlob (from `../../../node_modules/react-native/Libraries/Blob`)
  - React-RCTImage (from `../../../node_modules/react-native/Libraries/Image`)
  - React-RCTLinking (from `../../../node_modules/react-native/Libraries/LinkingIOS`)
  - React-RCTNetwork (from `../../../node_modules/react-native/Libraries/Network`)
  - React-RCTSettings (from `../../../node_modules/react-native/Libraries/Settings`)
  - React-RCTText (from `../../../node_modules/react-native/Libraries/Text`)
  - React-RCTVibration (from `../../../node_modules/react-native/Libraries/Vibration`)
  - React-runtimeexecutor (from `../../../node_modules/react-native/ReactCommon/runtimeexecutor`)
  - ReactCommon/turbomodule/core (from `../../../node_modules/react-native/ReactCommon`)
  - RNGestureHandler (from `../../../node_modules/react-native-gesture-handler`)
  - RNReanimated (from `../../../node_modules/react-native-reanimated`)
  - RNScreens (from `../../../node_modules/react-native-screens`)
  - RNSVG (from `../../../node_modules/react-native-svg`)
  - UMTaskManagerInterface (from `../../../node_modules/unimodules-task-manager-interface/ios`)
  - Yoga (from `../../../node_modules/react-native/ReactCommon/yoga`)

SPEC REPOS:
  trunk:
    - boost-for-react-native
    - MultiplatformBleAdapter
    - ZXingObjC

EXTERNAL SOURCES:
  DoubleConversion:
    :podspec: "../../../node_modules/react-native/third-party-podspecs/DoubleConversion.podspec"
  EXApplication:
    :path: "../../../node_modules/expo-application/ios"
  EXBarCodeScanner:
    :path: "../../../node_modules/expo-barcode-scanner/ios"
  EXClipboard:
    :path: "../../../node_modules/expo-clipboard/ios"
  EXConstants:
    :path: "../../../node_modules/expo-constants/ios"
  EXFileSystem:
    :path: "../../../node_modules/expo-file-system/ios"
  EXFont:
    :path: "../../../node_modules/expo-font/ios"
  EXImageLoader:
    :path: "../../../node_modules/expo-image-loader/ios"
  EXJSONUtils:
    :path: "../../../node_modules/expo-json-utils/ios"
  EXKeepAwake:
    :path: "../../../node_modules/expo-keep-awake/ios"
  EXLocation:
    :path: "../../../node_modules/expo-location/ios"
  EXManifests:
    :path: "../../../node_modules/expo-manifests/ios"
  Expo:
    :path: "../../../node_modules/expo/ios"
  expo-dev-client:
    :path: "../../../node_modules/expo-dev-client"
  expo-dev-launcher:
    :path: "../../../node_modules/expo-dev-launcher"
  expo-dev-menu:
    :path: "../../../node_modules/expo-dev-menu"
  expo-dev-menu-interface:
    :path: "../../../node_modules/expo-dev-menu-interface"
  ExpoModulesCore:
    :path: "../../../node_modules/expo-modules-core/ios"
  EXSplashScreen:
    :path: "../../../node_modules/expo-splash-screen/ios"
  EXStructuredHeaders:
    :path: "../../../node_modules/expo-structured-headers/ios"
  EXUpdates:
    :path: "../../../node_modules/expo-updates/ios"
  EXUpdatesInterface:
    :path: "../../../node_modules/expo-updates-interface/ios"
  FBLazyVector:
    :path: "../../../node_modules/react-native/Libraries/FBLazyVector"
  FBReactNativeSpec:
    :path: "../../../node_modules/react-native/React/FBReactNativeSpec"
  glog:
    :podspec: "../../../node_modules/react-native/third-party-podspecs/glog.podspec"
  RCT-Folly:
    :podspec: "../../../node_modules/react-native/third-party-podspecs/RCT-Folly.podspec"
  RCTRequired:
    :path: "../../../node_modules/react-native/Libraries/RCTRequired"
  RCTTypeSafety:
    :path: "../../../node_modules/react-native/Libraries/TypeSafety"
  React:
    :path: "../../../node_modules/react-native/"
  React-callinvoker:
    :path: "../../../node_modules/react-native/ReactCommon/callinvoker"
  React-Core:
    :path: "../../../node_modules/react-native/"
  React-CoreModules:
    :path: "../../../node_modules/react-native/React/CoreModules"
  React-cxxreact:
    :path: "../../../node_modules/react-native/ReactCommon/cxxreact"
  React-jsi:
    :path: "../../../node_modules/react-native/ReactCommon/jsi"
  React-jsiexecutor:
    :path: "../../../node_modules/react-native/ReactCommon/jsiexecutor"
  React-jsinspector:
    :path: "../../../node_modules/react-native/ReactCommon/jsinspector"
  react-native-ble-plx:
    :path: "../../../node_modules/react-native-ble-plx"
  react-native-config:
    :path: "../../../node_modules/react-native-config"
  react-native-pager-view:
    :path: "../../../node_modules/react-native-pager-view"
  react-native-safe-area-context:
    :path: "../../../node_modules/react-native-safe-area-context"
  react-native-webview:
    :path: "../../../node_modules/react-native-webview"
  React-perflogger:
    :path: "../../../node_modules/react-native/ReactCommon/reactperflogger"
  React-RCTActionSheet:
    :path: "../../../node_modules/react-native/Libraries/ActionSheetIOS"
  React-RCTAnimation:
    :path: "../../../node_modules/react-native/Libraries/NativeAnimation"
  React-RCTBlob:
    :path: "../../../node_modules/react-native/Libraries/Blob"
  React-RCTImage:
    :path: "../../../node_modules/react-native/Libraries/Image"
  React-RCTLinking:
    :path: "../../../node_modules/react-native/Libraries/LinkingIOS"
  React-RCTNetwork:
    :path: "../../../node_modules/react-native/Libraries/Network"
  React-RCTSettings:
    :path: "../../../node_modules/react-native/Libraries/Settings"
  React-RCTText:
    :path: "../../../node_modules/react-native/Libraries/Text"
  React-RCTVibration:
    :path: "../../../node_modules/react-native/Libraries/Vibration"
  React-runtimeexecutor:
    :path: "../../../node_modules/react-native/ReactCommon/runtimeexecutor"
  ReactCommon:
    :path: "../../../node_modules/react-native/ReactCommon"
  RNGestureHandler:
    :path: "../../../node_modules/react-native-gesture-handler"
  RNReanimated:
    :path: "../../../node_modules/react-native-reanimated"
  RNScreens:
    :path: "../../../node_modules/react-native-screens"
  RNSVG:
    :path: "../../../node_modules/react-native-svg"
  UMTaskManagerInterface:
    :path: "../../../node_modules/unimodules-task-manager-interface/ios"
  Yoga:
    :path: "../../../node_modules/react-native/ReactCommon/yoga"

SPEC CHECKSUMS:
  boost-for-react-native: 39c7adb57c4e60d6c5479dd8623128eb5b3f0f2c
  DoubleConversion: cf9b38bf0b2d048436d9a82ad2abe1404f11e7de
  EXApplication: 0e15240e4d125b62f1cae48759ffbbd32b9286a6
  EXBarCodeScanner: 7deeeb35f396ce9a13434a75b581c19fc2564205
  EXClipboard: ead52260683fc856e58f5cc70f5ea5999bb9c049
  EXConstants: 6d585d93723b18d7a8c283591a335609e3bc153e
  EXFileSystem: 99aac7962c11c680681819dd9cbca24e20e5b1e7
  EXFont: 2e1c6fe726d008a039db80df95f48b4921b7fe59
  EXImageLoader: df83442d32bcfb57b7cfc5690096b6caf8203f8d
  EXJSONUtils: f515cf71710855d7ba5bfc6752af3b9a6f6aad01
  EXKeepAwake: 8aa32396a5972d26e75e538603aad0f032396503
  EXLocation: 192eaee761c159d1479111a0ced3bab7ad8475a3
  EXManifests: 50e42e01335df4e54109dee7be5a91bfd37347db
  Expo: 5316c3ecdc34eb0cad340d01dc8beec97c7e879e
  expo-dev-client: f7417249bbede98f5fa3f151ae49c46cabfce82b
  expo-dev-launcher: 3a2b9470ed2b4ae0c60615f911c347c50cfc2526
  expo-dev-menu: 07e44bd1432b2bdfe249f76c37a090510c5dcebc
  expo-dev-menu-interface: 508467f2ba2aedda7a44e5080cc1e9a43ab7375e
  ExpoModulesCore: a9a9bf32b2da35cd9b7299c80790c03a91ac7d15
  EXSplashScreen: 57f329dbf25c5c12800feed79068a056453dc772
  EXStructuredHeaders: 873e7f329c2f6279c1b1e0229df59c9861560b53
  EXUpdates: 061b67c33f0e7f8fd335bbb48697c4a4fc8a5157
  EXUpdatesInterface: e1c01b4f5ec76bd1d6cc714938f9edf5ef6379b9
  FBLazyVector: c71c5917ec0ad2de41d5d06a5855f6d5eda06971
  FBReactNativeSpec: 545df58cc9f252ee8418260a56286f3f2699716c
  glog: 73c2498ac6884b13ede40eda8228cb1eee9d9d62
  MultiplatformBleAdapter: 5a6a897b006764392f9cef785e4360f54fb9477d
  RCT-Folly: ec7a233ccc97cc556cf7237f0db1ff65b986f27c
  RCTRequired: d34bf57e17cb6e3b2681f4809b13843c021feb6c
  RCTTypeSafety: 8dab4933124ed39bb0c1d88d74d61b1eb950f28f
  React: ef700aeb19afabff83a9cc5799ac955a9c6b5e0f
  React-callinvoker: 5547633d44f3e114b17c03c660ccb5faefd9ed2d
  React-Core: 3858d60185d71567962468bf176d582e36e4e25b
  React-CoreModules: 29b3397adac0c04915cf93089328664868510717
  React-cxxreact: 7e6cc1f4cdfcd40e483dd228fa8a3d3e0ed16f4a
  React-jsi: a8b09c29521c798f1783348b37b511ba7b3dbeb3
  React-jsiexecutor: df6abc9fafbecb8e5b7a5fbc5e6d4bd017d594d5
  React-jsinspector: 34e23860273a23695342f58eed3ffd3ba10c31e0
  react-native-ble-plx: f10240444452dfb2d2a13a0e4f58d7783e92d76e
  react-native-config: 6502b1879f97ed5ac570a029961fc35ea606cd14
  react-native-pager-view: 3ee7d4c7697fb3ef788346e834a60cca97ed8540
  react-native-safe-area-context: 584dc04881deb49474363f3be89e4ca0e854c057
  react-native-webview: e89bf2dba26a04cda967814df3ed1be99f291233
  React-perflogger: cc76a4254d19640f1d8ad1c66fdee800414b805c
  React-RCTActionSheet: 7448f049318d8d7e8a9a1ebb742ada721757eea8
  React-RCTAnimation: fb9b3fa1a4a9f5e6ab01b3368693ce69860ba76a
  React-RCTBlob: a2e7056601c599c19884992f08ebacae810426f9
  React-RCTImage: 5a46c12327d0d6f6844a1fe38baa92a1e02847e8
  React-RCTLinking: 63dd8305591e1def35267557ed42918aec9eb30b
  React-RCTNetwork: d0516e39a5f736b2bff671c3e03804200161dcd3
  React-RCTSettings: a09566b14f1649f6c8a39ad1a174bb5c0631bb09
  React-RCTText: 04a2f0a281f715f0aed4f515717fafd64510e2c8
  React-RCTVibration: c7f845861e79eae13dc1e8217a3cf47a3945b504
  React-runtimeexecutor: 493d9abb8b23c3f84e19ae221eeba92cadcb70dc
  ReactCommon: 8fea6422328e2fc093e25c9fac67adbcf0f04fb4
  RNGestureHandler: a479ebd5ed4221a810967000735517df0d2db211
  RNReanimated: 024eff8202342abf4b24e11575a16afc441dabfe
  RNScreens: 6e1ea5787989f92b0671049b808aef64fa1ef98c
  RNSVG: 8ba35cbeb385a52fd960fd28db9d7d18b4c2974f
  UMTaskManagerInterface: 5654c50e68af11b19b9d05452bacf23d19b3f30f
  Yoga: e6ecf3fa25af9d4c87e94ad7d5d292eedef49749
  ZXingObjC: fdbb269f25dd2032da343e06f10224d62f537bdb

PODFILE CHECKSUM: 39203f2b7c31cbcc64db32c70236daa76a911db0

COCOAPODS: 1.11.2
