PODS:
  - boost (1.76.0)
  - Burnt (0.12.1):
    - ExpoModulesCore
    - SPAlert (~> 4.2)
    - SPIndicator (~> 1.6)
  - CocoaAsyncSocket (7.6.5)
  - CocoaLumberjack (3.8.1):
    - CocoaLumberjack/Core (= 3.8.1)
  - CocoaLumberjack/Core (3.8.1)
  - DoubleConversion (1.1.6)
  - EXApplication (5.3.1):
    - ExpoModulesCore
  - EXAV (13.6.0):
    - ExpoModulesCore
    - ReactCommon/turbomodule/core
  - EXBarCodeScanner (12.7.0):
    - EXImageLoader
    - ExpoModulesCore
    - ZXingObjC/OneD
    - ZXingObjC/PDF417
  - EXCamera (13.2.1):
    - ExpoModulesCore
  - EXConstants (14.4.2):
    - ExpoModulesCore
  - EXFileSystem (15.4.5):
    - ExpoModulesCore
  - EXFont (11.4.0):
    - ExpoModulesCore
  - EXImageLoader (4.4.0):
    - ExpoModulesCore
    - React-Core
  - EXNotifications (0.20.1):
    - ExpoModulesCore
  - Expo (49.0.13):
    - ExpoModulesCore
  - ExpoBlur (12.3.2):
    - ExpoModulesCore
  - ExpoClipboard (4.5.0):
    - ExpoModulesCore
  - ExpoDevice (5.4.0):
    - ExpoModulesCore
  - ExpoHaptics (12.6.0):
    - ExpoModulesCore
  - ExpoImageManipulator (11.5.0):
    - EXImageLoader
    - ExpoModulesCore
  - ExpoImagePicker (14.5.0):
    - ExpoModulesCore
  - ExpoKeepAwake (12.0.1):
    - ExpoModulesCore
  - ExpoLinearGradient (12.1.2):
    - ExpoModulesCore
  - ExpoLocalAuthentication (13.6.0):
    - ExpoModulesCore
  - ExpoLocalization (14.5.0):
    - ExpoModulesCore
  - ExpoModulesCore (1.5.11):
    - RCT-Folly (= 2021.07.22.00)
    - React-Core
    - React-NativeModulesApple
    - React-RCTAppDelegate
    - ReactCommon/turbomodule/core
  - ExpoSecureStore (12.5.0):
    - ExpoModulesCore
  - EXSplashScreen (0.20.5):
    - ExpoModulesCore
    - RCT-Folly (= 2021.07.22.00)
    - React-Core
  - FBLazyVector (0.72.5)
  - FBReactNativeSpec (0.72.5):
    - RCT-Folly (= 2021.07.22.00)
    - RCTRequired (= 0.72.5)
    - RCTTypeSafety (= 0.72.5)
    - React-Core (= 0.72.5)
    - React-jsi (= 0.72.5)
    - ReactCommon/turbomodule/core (= 0.72.5)
  - Flipper (0.182.0):
    - Flipper-Folly (~> 2.6)
  - Flipper-Boost-iOSX (1.76.0.1.11)
  - Flipper-DoubleConversion (3.2.0.1)
  - Flipper-Fmt (7.1.7)
  - Flipper-Folly (2.6.10):
    - Flipper-Boost-iOSX
    - Flipper-DoubleConversion
    - Flipper-Fmt (= 7.1.7)
    - Flipper-Glog
    - libevent (~> 2.1.12)
    - OpenSSL-Universal (= 1.1.1100)
  - Flipper-Glog (0.5.0.5)
  - Flipper-PeerTalk (0.0.4)
  - FlipperKit (0.182.0):
    - FlipperKit/Core (= 0.182.0)
  - FlipperKit/Core (0.182.0):
    - Flipper (~> 0.182.0)
    - FlipperKit/CppBridge
    - FlipperKit/FBCxxFollyDynamicConvert
    - FlipperKit/FBDefines
    - FlipperKit/FKPortForwarding
    - SocketRocket (~> 0.6.0)
  - FlipperKit/CppBridge (0.182.0):
    - Flipper (~> 0.182.0)
  - FlipperKit/FBCxxFollyDynamicConvert (0.182.0):
    - Flipper-Folly (~> 2.6)
  - FlipperKit/FBDefines (0.182.0)
  - FlipperKit/FKPortForwarding (0.182.0):
    - CocoaAsyncSocket (~> 7.6)
    - Flipper-PeerTalk (~> 0.0.4)
  - FlipperKit/FlipperKitHighlightOverlay (0.182.0)
  - FlipperKit/FlipperKitLayoutHelpers (0.182.0):
    - FlipperKit/Core
    - FlipperKit/FlipperKitHighlightOverlay
    - FlipperKit/FlipperKitLayoutTextSearchable
  - FlipperKit/FlipperKitLayoutIOSDescriptors (0.182.0):
    - FlipperKit/Core
    - FlipperKit/FlipperKitHighlightOverlay
    - FlipperKit/FlipperKitLayoutHelpers
    - YogaKit (~> 1.18)
  - FlipperKit/FlipperKitLayoutPlugin (0.182.0):
    - FlipperKit/Core
    - FlipperKit/FlipperKitHighlightOverlay
    - FlipperKit/FlipperKitLayoutHelpers
    - FlipperKit/FlipperKitLayoutIOSDescriptors
    - FlipperKit/FlipperKitLayoutTextSearchable
    - YogaKit (~> 1.18)
  - FlipperKit/FlipperKitLayoutTextSearchable (0.182.0)
  - FlipperKit/FlipperKitNetworkPlugin (0.182.0):
    - FlipperKit/Core
  - FlipperKit/FlipperKitReactPlugin (0.182.0):
    - FlipperKit/Core
  - FlipperKit/FlipperKitUserDefaultsPlugin (0.182.0):
    - FlipperKit/Core
  - FlipperKit/SKIOSNetworkPlugin (0.182.0):
    - FlipperKit/Core
    - FlipperKit/FlipperKitNetworkPlugin
  - fmt (6.2.1)
  - glog (0.3.5)
  - hermes-engine (0.72.5):
    - hermes-engine/Pre-built (= 0.72.5)
  - hermes-engine/Pre-built (0.72.5)
  - IQKeyboardManagerSwift (6.5.11)
  - libevent (2.1.12)
  - lottie-ios (4.3.3)
  - lottie-react-native (6.3.1):
    - lottie-ios (~> 4.3.0)
    - React-Core
  - MMKV (1.3.1):
    - MMKVCore (~> 1.3.1)
  - MMKVCore (1.3.1)
  - OpenSSL-Universal (1.1.1100)
  - RCT-Folly (2021.07.22.00):
    - boost
    - DoubleConversion
    - fmt (~> 6.2.1)
    - glog
    - RCT-Folly/Default (= 2021.07.22.00)
  - RCT-Folly/Default (2021.07.22.00):
    - boost
    - DoubleConversion
    - fmt (~> 6.2.1)
    - glog
  - RCT-Folly/Futures (2021.07.22.00):
    - boost
    - DoubleConversion
    - fmt (~> 6.2.1)
    - glog
    - libevent
  - RCTRequired (0.72.5)
  - RCTTypeSafety (0.72.5):
    - FBLazyVector (= 0.72.5)
    - RCTRequired (= 0.72.5)
    - React-Core (= 0.72.5)
  - React (0.72.5):
    - React-Core (= 0.72.5)
    - React-Core/DevSupport (= 0.72.5)
    - React-Core/RCTWebSocket (= 0.72.5)
    - React-RCTActionSheet (= 0.72.5)
    - React-RCTAnimation (= 0.72.5)
    - React-RCTBlob (= 0.72.5)
    - React-RCTImage (= 0.72.5)
    - React-RCTLinking (= 0.72.5)
    - React-RCTNetwork (= 0.72.5)
    - React-RCTSettings (= 0.72.5)
    - React-RCTText (= 0.72.5)
    - React-RCTVibration (= 0.72.5)
  - React-callinvoker (0.72.5)
  - React-Codegen (0.72.5):
    - DoubleConversion
    - FBReactNativeSpec
    - glog
    - hermes-engine
    - RCT-Folly
    - RCTRequired
    - RCTTypeSafety
    - React-Core
    - React-jsi
    - React-jsiexecutor
    - React-NativeModulesApple
    - React-rncore
    - ReactCommon/turbomodule/bridging
    - ReactCommon/turbomodule/core
  - React-Core (0.72.5):
    - glog
    - hermes-engine
    - RCT-Folly (= 2021.07.22.00)
    - React-Core/Default (= 0.72.5)
    - React-cxxreact
    - React-hermes
    - React-jsi
    - React-jsiexecutor
    - React-perflogger
    - React-runtimeexecutor
    - React-utils
    - SocketRocket (= 0.6.1)
    - Yoga
  - React-Core/CoreModulesHeaders (0.72.5):
    - glog
    - hermes-engine
    - RCT-Folly (= 2021.07.22.00)
    - React-Core/Default
    - React-cxxreact
    - React-hermes
    - React-jsi
    - React-jsiexecutor
    - React-perflogger
    - React-runtimeexecutor
    - React-utils
    - SocketRocket (= 0.6.1)
    - Yoga
  - React-Core/Default (0.72.5):
    - glog
    - hermes-engine
    - RCT-Folly (= 2021.07.22.00)
    - React-cxxreact
    - React-hermes
    - React-jsi
    - React-jsiexecutor
    - React-perflogger
    - React-runtimeexecutor
    - React-utils
    - SocketRocket (= 0.6.1)
    - Yoga
  - React-Core/DevSupport (0.72.5):
    - glog
    - hermes-engine
    - RCT-Folly (= 2021.07.22.00)
    - React-Core/Default (= 0.72.5)
    - React-Core/RCTWebSocket (= 0.72.5)
    - React-cxxreact
    - React-hermes
    - React-jsi
    - React-jsiexecutor
    - React-jsinspector (= 0.72.5)
    - React-perflogger
    - React-runtimeexecutor
    - React-utils
    - SocketRocket (= 0.6.1)
    - Yoga
  - React-Core/RCTActionSheetHeaders (0.72.5):
    - glog
    - hermes-engine
    - RCT-Folly (= 2021.07.22.00)
    - React-Core/Default
    - React-cxxreact
    - React-hermes
    - React-jsi
    - React-jsiexecutor
    - React-perflogger
    - React-runtimeexecutor
    - React-utils
    - SocketRocket (= 0.6.1)
    - Yoga
  - React-Core/RCTAnimationHeaders (0.72.5):
    - glog
    - hermes-engine
    - RCT-Folly (= 2021.07.22.00)
    - React-Core/Default
    - React-cxxreact
    - React-hermes
    - React-jsi
    - React-jsiexecutor
    - React-perflogger
    - React-runtimeexecutor
    - React-utils
    - SocketRocket (= 0.6.1)
    - Yoga
  - React-Core/RCTBlobHeaders (0.72.5):
    - glog
    - hermes-engine
    - RCT-Folly (= 2021.07.22.00)
    - React-Core/Default
    - React-cxxreact
    - React-hermes
    - React-jsi
    - React-jsiexecutor
    - React-perflogger
    - React-runtimeexecutor
    - React-utils
    - SocketRocket (= 0.6.1)
    - Yoga
  - React-Core/RCTImageHeaders (0.72.5):
    - glog
    - hermes-engine
    - RCT-Folly (= 2021.07.22.00)
    - React-Core/Default
    - React-cxxreact
    - React-hermes
    - React-jsi
    - React-jsiexecutor
    - React-perflogger
    - React-runtimeexecutor
    - React-utils
    - SocketRocket (= 0.6.1)
    - Yoga
  - React-Core/RCTLinkingHeaders (0.72.5):
    - glog
    - hermes-engine
    - RCT-Folly (= 2021.07.22.00)
    - React-Core/Default
    - React-cxxreact
    - React-hermes
    - React-jsi
    - React-jsiexecutor
    - React-perflogger
    - React-runtimeexecutor
    - React-utils
    - SocketRocket (= 0.6.1)
    - Yoga
  - React-Core/RCTNetworkHeaders (0.72.5):
    - glog
    - hermes-engine
    - RCT-Folly (= 2021.07.22.00)
    - React-Core/Default
    - React-cxxreact
    - React-hermes
    - React-jsi
    - React-jsiexecutor
    - React-perflogger
    - React-runtimeexecutor
    - React-utils
    - SocketRocket (= 0.6.1)
    - Yoga
  - React-Core/RCTSettingsHeaders (0.72.5):
    - glog
    - hermes-engine
    - RCT-Folly (= 2021.07.22.00)
    - React-Core/Default
    - React-cxxreact
    - React-hermes
    - React-jsi
    - React-jsiexecutor
    - React-perflogger
    - React-runtimeexecutor
    - React-utils
    - SocketRocket (= 0.6.1)
    - Yoga
  - React-Core/RCTTextHeaders (0.72.5):
    - glog
    - hermes-engine
    - RCT-Folly (= 2021.07.22.00)
    - React-Core/Default
    - React-cxxreact
    - React-hermes
    - React-jsi
    - React-jsiexecutor
    - React-perflogger
    - React-runtimeexecutor
    - React-utils
    - SocketRocket (= 0.6.1)
    - Yoga
  - React-Core/RCTVibrationHeaders (0.72.5):
    - glog
    - hermes-engine
    - RCT-Folly (= 2021.07.22.00)
    - React-Core/Default
    - React-cxxreact
    - React-hermes
    - React-jsi
    - React-jsiexecutor
    - React-perflogger
    - React-runtimeexecutor
    - React-utils
    - SocketRocket (= 0.6.1)
    - Yoga
  - React-Core/RCTWebSocket (0.72.5):
    - glog
    - hermes-engine
    - RCT-Folly (= 2021.07.22.00)
    - React-Core/Default (= 0.72.5)
    - React-cxxreact
    - React-hermes
    - React-jsi
    - React-jsiexecutor
    - React-perflogger
    - React-runtimeexecutor
    - React-utils
    - SocketRocket (= 0.6.1)
    - Yoga
  - React-CoreModules (0.72.5):
    - RCT-Folly (= 2021.07.22.00)
    - RCTTypeSafety (= 0.72.5)
    - React-Codegen (= 0.72.5)
    - React-Core/CoreModulesHeaders (= 0.72.5)
    - React-jsi (= 0.72.5)
    - React-RCTBlob
    - React-RCTImage (= 0.72.5)
    - ReactCommon/turbomodule/core (= 0.72.5)
    - SocketRocket (= 0.6.1)
  - React-cxxreact (0.72.5):
    - boost (= 1.76.0)
    - DoubleConversion
    - glog
    - hermes-engine
    - RCT-Folly (= 2021.07.22.00)
    - React-callinvoker (= 0.72.5)
    - React-debug (= 0.72.5)
    - React-jsi (= 0.72.5)
    - React-jsinspector (= 0.72.5)
    - React-logger (= 0.72.5)
    - React-perflogger (= 0.72.5)
    - React-runtimeexecutor (= 0.72.5)
  - React-debug (0.72.5)
  - React-hermes (0.72.5):
    - DoubleConversion
    - glog
    - hermes-engine
    - RCT-Folly (= 2021.07.22.00)
    - RCT-Folly/Futures (= 2021.07.22.00)
    - React-cxxreact (= 0.72.5)
    - React-jsi
    - React-jsiexecutor (= 0.72.5)
    - React-jsinspector (= 0.72.5)
    - React-perflogger (= 0.72.5)
  - React-jsi (0.72.5):
    - boost (= 1.76.0)
    - DoubleConversion
    - glog
    - hermes-engine
    - RCT-Folly (= 2021.07.22.00)
  - React-jsiexecutor (0.72.5):
    - DoubleConversion
    - glog
    - hermes-engine
    - RCT-Folly (= 2021.07.22.00)
    - React-cxxreact (= 0.72.5)
    - React-jsi (= 0.72.5)
    - React-perflogger (= 0.72.5)
  - React-jsinspector (0.72.5)
  - React-logger (0.72.5):
    - glog
  - react-native-get-random-values (1.9.0):
    - React-Core
  - react-native-metrix (0.6.3):
    - RCT-Folly (= 2021.07.22.00)
    - React-Core
  - react-native-mmkv (2.10.2):
    - MMKV (>= 1.2.13)
    - React-Core
  - react-native-netinfo (9.5.0):
    - React-Core
  - react-native-randombytes (3.6.1):
    - React-Core
  - react-native-restart (0.0.27):
    - React-Core
  - react-native-safe-area-context (4.7.2):
    - React-Core
  - react-native-slider (4.4.3):
    - React-Core
  - react-native-tab-page-view (0.1.0):
    - React
  - react-native-tcp-socket (6.0.6):
    - CocoaAsyncSocket
    - React-Core
  - react-native-view-shot (3.1.2):
    - React
  - react-native-webview (11.24.0):
    - React-Core
  - React-NativeModulesApple (0.72.5):
    - hermes-engine
    - React-callinvoker
    - React-Core
    - React-cxxreact
    - React-jsi
    - React-runtimeexecutor
    - ReactCommon/turbomodule/bridging
    - ReactCommon/turbomodule/core
  - React-perflogger (0.72.5)
  - React-RCTActionSheet (0.72.5):
    - React-Core/RCTActionSheetHeaders (= 0.72.5)
  - React-RCTAnimation (0.72.5):
    - RCT-Folly (= 2021.07.22.00)
    - RCTTypeSafety (= 0.72.5)
    - React-Codegen (= 0.72.5)
    - React-Core/RCTAnimationHeaders (= 0.72.5)
    - React-jsi (= 0.72.5)
    - ReactCommon/turbomodule/core (= 0.72.5)
  - React-RCTAppDelegate (0.72.5):
    - RCT-Folly
    - RCTRequired
    - RCTTypeSafety
    - React-Core
    - React-CoreModules
    - React-hermes
    - React-NativeModulesApple
    - React-RCTImage
    - React-RCTNetwork
    - React-runtimescheduler
    - ReactCommon/turbomodule/core
  - React-RCTBlob (0.72.5):
    - hermes-engine
    - RCT-Folly (= 2021.07.22.00)
    - React-Codegen (= 0.72.5)
    - React-Core/RCTBlobHeaders (= 0.72.5)
    - React-Core/RCTWebSocket (= 0.72.5)
    - React-jsi (= 0.72.5)
    - React-RCTNetwork (= 0.72.5)
    - ReactCommon/turbomodule/core (= 0.72.5)
  - React-RCTImage (0.72.5):
    - RCT-Folly (= 2021.07.22.00)
    - RCTTypeSafety (= 0.72.5)
    - React-Codegen (= 0.72.5)
    - React-Core/RCTImageHeaders (= 0.72.5)
    - React-jsi (= 0.72.5)
    - React-RCTNetwork (= 0.72.5)
    - ReactCommon/turbomodule/core (= 0.72.5)
  - React-RCTLinking (0.72.5):
    - React-Codegen (= 0.72.5)
    - React-Core/RCTLinkingHeaders (= 0.72.5)
    - React-jsi (= 0.72.5)
    - ReactCommon/turbomodule/core (= 0.72.5)
  - React-RCTNetwork (0.72.5):
    - RCT-Folly (= 2021.07.22.00)
    - RCTTypeSafety (= 0.72.5)
    - React-Codegen (= 0.72.5)
    - React-Core/RCTNetworkHeaders (= 0.72.5)
    - React-jsi (= 0.72.5)
    - ReactCommon/turbomodule/core (= 0.72.5)
  - React-RCTSettings (0.72.5):
    - RCT-Folly (= 2021.07.22.00)
    - RCTTypeSafety (= 0.72.5)
    - React-Codegen (= 0.72.5)
    - React-Core/RCTSettingsHeaders (= 0.72.5)
    - React-jsi (= 0.72.5)
    - ReactCommon/turbomodule/core (= 0.72.5)
  - React-RCTText (0.72.5):
    - React-Core/RCTTextHeaders (= 0.72.5)
  - React-RCTVibration (0.72.5):
    - RCT-Folly (= 2021.07.22.00)
    - React-Codegen (= 0.72.5)
    - React-Core/RCTVibrationHeaders (= 0.72.5)
    - React-jsi (= 0.72.5)
    - ReactCommon/turbomodule/core (= 0.72.5)
  - React-rncore (0.72.5)
  - React-runtimeexecutor (0.72.5):
    - React-jsi (= 0.72.5)
  - React-runtimescheduler (0.72.5):
    - glog
    - hermes-engine
    - RCT-Folly (= 2021.07.22.00)
    - React-callinvoker
    - React-debug
    - React-jsi
    - React-runtimeexecutor
  - React-utils (0.72.5):
    - glog
    - RCT-Folly (= 2021.07.22.00)
    - React-debug
  - ReactCommon/turbomodule/bridging (0.72.5):
    - DoubleConversion
    - glog
    - hermes-engine
    - RCT-Folly (= 2021.07.22.00)
    - React-callinvoker (= 0.72.5)
    - React-cxxreact (= 0.72.5)
    - React-jsi (= 0.72.5)
    - React-logger (= 0.72.5)
    - React-perflogger (= 0.72.5)
  - ReactCommon/turbomodule/core (0.72.5):
    - DoubleConversion
    - glog
    - hermes-engine
    - RCT-Folly (= 2021.07.22.00)
    - React-callinvoker (= 0.72.5)
    - React-cxxreact (= 0.72.5)
    - React-jsi (= 0.72.5)
    - React-logger (= 0.72.5)
    - React-perflogger (= 0.72.5)
  - ReactNativeCameraKit (14.0.0-beta2):
    - React-Core
  - ReactNativeKeyboardManager (6.5.11-2):
    - IQKeyboardManagerSwift (= 6.5.11)
    - React-Core
    - React-RCTText
  - RealmJS (12.3.0):
    - React
  - RNCAsyncStorage (1.18.2):
    - React-Core
  - RNDeviceInfo (10.11.0):
    - React-Core
  - RNFileLogger (0.4.1):
    - CocoaLumberjack
    - React
  - RNFlashList (1.6.3):
    - React-Core
  - RNFS (2.20.0):
    - React-Core
  - RNGestureHandler (2.13.3):
    - RCT-Folly (= 2021.07.22.00)
    - React-Core
  - RNReanimated (3.5.4):
    - DoubleConversion
    - FBLazyVector
    - glog
    - hermes-engine
    - RCT-Folly
    - RCTRequired
    - RCTTypeSafety
    - React-callinvoker
    - React-Core
    - React-Core/DevSupport
    - React-Core/RCTWebSocket
    - React-CoreModules
    - React-cxxreact
    - React-hermes
    - React-jsi
    - React-jsiexecutor
    - React-jsinspector
    - React-RCTActionSheet
    - React-RCTAnimation
    - React-RCTAppDelegate
    - React-RCTBlob
    - React-RCTImage
    - React-RCTLinking
    - React-RCTNetwork
    - React-RCTSettings
    - React-RCTText
    - ReactCommon/turbomodule/core
    - Yoga
  - RNScreens (3.26.0):
    - RCT-Folly (= 2021.07.22.00)
    - React-Core
  - RNShare (9.4.1):
    - React-Core
  - RNSVG (13.14.0):
    - React-Core
  - RNZipArchive (6.1.0):
    - React-Core
    - RNZipArchive/Core (= 6.1.0)
    - SSZipArchive (~> 2.2)
  - RNZipArchive/Core (6.1.0):
    - React-Core
    - SSZipArchive (~> 2.2)
  - SocketRocket (0.6.1)
  - SPAlert (4.2.0)
  - SPIndicator (1.6.4)
  - SSZipArchive (2.4.3)
  - Yoga (1.14.0)
  - YogaKit (1.18.1):
    - Yoga (~> 1.14)
  - ZXingObjC/Core (3.6.9)
  - ZXingObjC/OneD (3.6.9):
    - ZXingObjC/Core
  - ZXingObjC/PDF417 (3.6.9):
    - ZXingObjC/Core

DEPENDENCIES:
  - boost (from `../../../node_modules/react-native/third-party-podspecs/boost.podspec`)
  - Burnt (from `../../../node_modules/burnt/ios`)
  - DoubleConversion (from `../../../node_modules/react-native/third-party-podspecs/DoubleConversion.podspec`)
  - EXApplication (from `../../../node_modules/expo-application/ios`)
  - EXAV (from `../../../node_modules/expo-av/ios`)
  - EXBarCodeScanner (from `../../../node_modules/expo-barcode-scanner/ios`)
  - EXCamera (from `../../../node_modules/expo-camera/ios`)
  - EXConstants (from `../../../node_modules/expo-constants/ios`)
  - EXFileSystem (from `../../../node_modules/expo-file-system/ios`)
  - EXFont (from `../../../node_modules/expo-font/ios`)
  - EXImageLoader (from `../../../node_modules/expo-image-loader/ios`)
  - EXNotifications (from `../../../node_modules/expo-notifications/ios`)
  - Expo (from `../../../node_modules/expo`)
  - ExpoBlur (from `../../../node_modules/expo-blur/ios`)
  - ExpoClipboard (from `../../../node_modules/expo-clipboard/ios`)
  - ExpoDevice (from `../../../node_modules/expo-device/ios`)
  - ExpoHaptics (from `../../../node_modules/expo-haptics/ios`)
  - ExpoImageManipulator (from `../../../node_modules/expo-image-manipulator/ios`)
  - ExpoImagePicker (from `../../../node_modules/expo-image-picker/ios`)
  - ExpoKeepAwake (from `../../../node_modules/expo-keep-awake/ios`)
  - ExpoLinearGradient (from `../../../node_modules/expo-linear-gradient/ios`)
  - ExpoLocalAuthentication (from `../../../node_modules/expo-local-authentication/ios`)
  - ExpoLocalization (from `../../../node_modules/expo-localization/ios`)
  - ExpoModulesCore (from `../../../node_modules/expo-modules-core`)
  - ExpoSecureStore (from `../../../node_modules/expo-secure-store/ios`)
  - EXSplashScreen (from `../../../node_modules/expo-splash-screen/ios`)
  - FBLazyVector (from `../../../node_modules/react-native/Libraries/FBLazyVector`)
  - FBReactNativeSpec (from `../../../node_modules/react-native/React/FBReactNativeSpec`)
  - Flipper (= 0.182.0)
  - Flipper-Boost-iOSX (= 1.76.0.1.11)
  - Flipper-DoubleConversion (= 3.2.0.1)
  - Flipper-Fmt (= 7.1.7)
  - Flipper-Folly (= 2.6.10)
  - Flipper-Glog (= 0.5.0.5)
  - Flipper-PeerTalk (= 0.0.4)
  - FlipperKit (= 0.182.0)
  - FlipperKit/Core (= 0.182.0)
  - FlipperKit/CppBridge (= 0.182.0)
  - FlipperKit/FBCxxFollyDynamicConvert (= 0.182.0)
  - FlipperKit/FBDefines (= 0.182.0)
  - FlipperKit/FKPortForwarding (= 0.182.0)
  - FlipperKit/FlipperKitHighlightOverlay (= 0.182.0)
  - FlipperKit/FlipperKitLayoutPlugin (= 0.182.0)
  - FlipperKit/FlipperKitLayoutTextSearchable (= 0.182.0)
  - FlipperKit/FlipperKitNetworkPlugin (= 0.182.0)
  - FlipperKit/FlipperKitReactPlugin (= 0.182.0)
  - FlipperKit/FlipperKitUserDefaultsPlugin (= 0.182.0)
  - FlipperKit/SKIOSNetworkPlugin (= 0.182.0)
  - glog (from `../../../node_modules/react-native/third-party-podspecs/glog.podspec`)
  - hermes-engine (from `../../../node_modules/react-native/sdks/hermes-engine/hermes-engine.podspec`)
  - libevent (~> 2.1.12)
  - lottie-react-native (from `../../../node_modules/lottie-react-native`)
  - OpenSSL-Universal (= 1.1.1100)
  - RCT-Folly (from `../../../node_modules/react-native/third-party-podspecs/RCT-Folly.podspec`)
  - RCTRequired (from `../../../node_modules/react-native/Libraries/RCTRequired`)
  - RCTTypeSafety (from `../../../node_modules/react-native/Libraries/TypeSafety`)
  - React (from `../../../node_modules/react-native/`)
  - React-callinvoker (from `../../../node_modules/react-native/ReactCommon/callinvoker`)
  - React-Codegen (from `build/generated/ios`)
  - React-Core (from `../../../node_modules/react-native/`)
  - React-Core/DevSupport (from `../../../node_modules/react-native/`)
  - React-Core/RCTWebSocket (from `../../../node_modules/react-native/`)
  - React-CoreModules (from `../../../node_modules/react-native/React/CoreModules`)
  - React-cxxreact (from `../../../node_modules/react-native/ReactCommon/cxxreact`)
  - React-debug (from `../../../node_modules/react-native/ReactCommon/react/debug`)
  - React-hermes (from `../../../node_modules/react-native/ReactCommon/hermes`)
  - React-jsi (from `../../../node_modules/react-native/ReactCommon/jsi`)
  - React-jsiexecutor (from `../../../node_modules/react-native/ReactCommon/jsiexecutor`)
  - React-jsinspector (from `../../../node_modules/react-native/ReactCommon/jsinspector`)
  - React-logger (from `../../../node_modules/react-native/ReactCommon/logger`)
  - react-native-get-random-values (from `../../../node_modules/react-native-get-random-values`)
  - react-native-metrix (from `../../../node_modules/react-native-metrix`)
  - react-native-mmkv (from `../../../node_modules/react-native-mmkv`)
  - "react-native-netinfo (from `../../../node_modules/@react-native-community/netinfo`)"
  - react-native-randombytes (from `../../../node_modules/react-native-randombytes`)
  - react-native-restart (from `../../../node_modules/react-native-restart`)
  - react-native-safe-area-context (from `../../../node_modules/react-native-safe-area-context`)
  - "react-native-slider (from `../../../node_modules/@react-native-community/slider`)"
  - react-native-tab-page-view (from `../../../node_modules/react-native-tab-page-view`)
  - react-native-tcp-socket (from `../../../node_modules/react-native-tcp-socket`)
  - react-native-view-shot (from `../../../node_modules/react-native-view-shot`)
  - react-native-webview (from `../../../node_modules/react-native-webview`)
  - React-NativeModulesApple (from `../../../node_modules/react-native/ReactCommon/react/nativemodule/core/platform/ios`)
  - React-perflogger (from `../../../node_modules/react-native/ReactCommon/reactperflogger`)
  - React-RCTActionSheet (from `../../../node_modules/react-native/Libraries/ActionSheetIOS`)
  - React-RCTAnimation (from `../../../node_modules/react-native/Libraries/NativeAnimation`)
  - React-RCTAppDelegate (from `../../../node_modules/react-native/Libraries/AppDelegate`)
  - React-RCTBlob (from `../../../node_modules/react-native/Libraries/Blob`)
  - React-RCTImage (from `../../../node_modules/react-native/Libraries/Image`)
  - React-RCTLinking (from `../../../node_modules/react-native/Libraries/LinkingIOS`)
  - React-RCTNetwork (from `../../../node_modules/react-native/Libraries/Network`)
  - React-RCTSettings (from `../../../node_modules/react-native/Libraries/Settings`)
  - React-RCTText (from `../../../node_modules/react-native/Libraries/Text`)
  - React-RCTVibration (from `../../../node_modules/react-native/Libraries/Vibration`)
  - React-rncore (from `../../../node_modules/react-native/ReactCommon`)
  - React-runtimeexecutor (from `../../../node_modules/react-native/ReactCommon/runtimeexecutor`)
  - React-runtimescheduler (from `../../../node_modules/react-native/ReactCommon/react/renderer/runtimescheduler`)
  - React-utils (from `../../../node_modules/react-native/ReactCommon/react/utils`)
  - ReactCommon/turbomodule/core (from `../../../node_modules/react-native/ReactCommon`)
  - ReactNativeCameraKit (from `../../../node_modules/react-native-camera-kit`)
  - ReactNativeKeyboardManager (from `../../../node_modules/react-native-keyboard-manager`)
  - RealmJS (from `../../../node_modules/realm`)
  - "RNCAsyncStorage (from `../../../node_modules/@react-native-async-storage/async-storage`)"
  - RNDeviceInfo (from `../../../node_modules/react-native-device-info`)
  - RNFileLogger (from `../../../node_modules/react-native-file-logger`)
  - "RNFlashList (from `../../../node_modules/@shopify/flash-list`)"
  - RNFS (from `../../../node_modules/react-native-fs`)
  - RNGestureHandler (from `../../../node_modules/react-native-gesture-handler`)
  - RNReanimated (from `../../../node_modules/react-native-reanimated`)
  - RNScreens (from `../../../node_modules/react-native-screens`)
  - RNShare (from `../../../node_modules/react-native-share`)
  - RNSVG (from `../../../node_modules/react-native-svg`)
  - RNZipArchive (from `../../../node_modules/react-native-zip-archive`)
  - Yoga (from `../../../node_modules/react-native/ReactCommon/yoga`)

SPEC REPOS:
  trunk:
    - CocoaAsyncSocket
    - CocoaLumberjack
    - Flipper
    - Flipper-Boost-iOSX
    - Flipper-DoubleConversion
    - Flipper-Fmt
    - Flipper-Folly
    - Flipper-Glog
    - Flipper-PeerTalk
    - FlipperKit
    - fmt
    - IQKeyboardManagerSwift
    - libevent
    - lottie-ios
    - MMKV
    - MMKVCore
    - OpenSSL-Universal
    - SocketRocket
    - SPAlert
    - SPIndicator
    - SSZipArchive
    - YogaKit
    - ZXingObjC

EXTERNAL SOURCES:
  boost:
    :podspec: "../../../node_modules/react-native/third-party-podspecs/boost.podspec"
  Burnt:
    :path: "../../../node_modules/burnt/ios"
  DoubleConversion:
    :podspec: "../../../node_modules/react-native/third-party-podspecs/DoubleConversion.podspec"
  EXApplication:
    :path: "../../../node_modules/expo-application/ios"
  EXAV:
    :path: "../../../node_modules/expo-av/ios"
  EXBarCodeScanner:
    :path: "../../../node_modules/expo-barcode-scanner/ios"
  EXCamera:
    :path: "../../../node_modules/expo-camera/ios"
  EXConstants:
    :path: "../../../node_modules/expo-constants/ios"
  EXFileSystem:
    :path: "../../../node_modules/expo-file-system/ios"
  EXFont:
    :path: "../../../node_modules/expo-font/ios"
  EXImageLoader:
    :path: "../../../node_modules/expo-image-loader/ios"
  EXNotifications:
    :path: "../../../node_modules/expo-notifications/ios"
  Expo:
    :path: "../../../node_modules/expo"
  ExpoBlur:
    :path: "../../../node_modules/expo-blur/ios"
  ExpoClipboard:
    :path: "../../../node_modules/expo-clipboard/ios"
  ExpoDevice:
    :path: "../../../node_modules/expo-device/ios"
  ExpoHaptics:
    :path: "../../../node_modules/expo-haptics/ios"
  ExpoImageManipulator:
    :path: "../../../node_modules/expo-image-manipulator/ios"
  ExpoImagePicker:
    :path: "../../../node_modules/expo-image-picker/ios"
  ExpoKeepAwake:
    :path: "../../../node_modules/expo-keep-awake/ios"
  ExpoLinearGradient:
    :path: "../../../node_modules/expo-linear-gradient/ios"
  ExpoLocalAuthentication:
    :path: "../../../node_modules/expo-local-authentication/ios"
  ExpoLocalization:
    :path: "../../../node_modules/expo-localization/ios"
  ExpoModulesCore:
    :path: "../../../node_modules/expo-modules-core"
  ExpoSecureStore:
    :path: "../../../node_modules/expo-secure-store/ios"
  EXSplashScreen:
    :path: "../../../node_modules/expo-splash-screen/ios"
  FBLazyVector:
    :path: "../../../node_modules/react-native/Libraries/FBLazyVector"
  FBReactNativeSpec:
    :path: "../../../node_modules/react-native/React/FBReactNativeSpec"
  glog:
    :podspec: "../../../node_modules/react-native/third-party-podspecs/glog.podspec"
  hermes-engine:
    :podspec: "../../../node_modules/react-native/sdks/hermes-engine/hermes-engine.podspec"
    :tag: hermes-2023-08-07-RNv0.72.4-813b2def12bc9df02654b3e3653ae4a68d0572e0
  lottie-react-native:
    :path: "../../../node_modules/lottie-react-native"
  RCT-Folly:
    :podspec: "../../../node_modules/react-native/third-party-podspecs/RCT-Folly.podspec"
  RCTRequired:
    :path: "../../../node_modules/react-native/Libraries/RCTRequired"
  RCTTypeSafety:
    :path: "../../../node_modules/react-native/Libraries/TypeSafety"
  React:
    :path: "../../../node_modules/react-native/"
  React-callinvoker:
    :path: "../../../node_modules/react-native/ReactCommon/callinvoker"
  React-Codegen:
    :path: build/generated/ios
  React-Core:
    :path: "../../../node_modules/react-native/"
  React-CoreModules:
    :path: "../../../node_modules/react-native/React/CoreModules"
  React-cxxreact:
    :path: "../../../node_modules/react-native/ReactCommon/cxxreact"
  React-debug:
    :path: "../../../node_modules/react-native/ReactCommon/react/debug"
  React-hermes:
    :path: "../../../node_modules/react-native/ReactCommon/hermes"
  React-jsi:
    :path: "../../../node_modules/react-native/ReactCommon/jsi"
  React-jsiexecutor:
    :path: "../../../node_modules/react-native/ReactCommon/jsiexecutor"
  React-jsinspector:
    :path: "../../../node_modules/react-native/ReactCommon/jsinspector"
  React-logger:
    :path: "../../../node_modules/react-native/ReactCommon/logger"
  react-native-get-random-values:
    :path: "../../../node_modules/react-native-get-random-values"
  react-native-metrix:
    :path: "../../../node_modules/react-native-metrix"
  react-native-mmkv:
    :path: "../../../node_modules/react-native-mmkv"
  react-native-netinfo:
    :path: "../../../node_modules/@react-native-community/netinfo"
  react-native-randombytes:
    :path: "../../../node_modules/react-native-randombytes"
  react-native-restart:
    :path: "../../../node_modules/react-native-restart"
  react-native-safe-area-context:
    :path: "../../../node_modules/react-native-safe-area-context"
  react-native-slider:
    :path: "../../../node_modules/@react-native-community/slider"
  react-native-tab-page-view:
    :path: "../../../node_modules/react-native-tab-page-view"
  react-native-tcp-socket:
    :path: "../../../node_modules/react-native-tcp-socket"
  react-native-view-shot:
    :path: "../../../node_modules/react-native-view-shot"
  react-native-webview:
    :path: "../../../node_modules/react-native-webview"
  React-NativeModulesApple:
    :path: "../../../node_modules/react-native/ReactCommon/react/nativemodule/core/platform/ios"
  React-perflogger:
    :path: "../../../node_modules/react-native/ReactCommon/reactperflogger"
  React-RCTActionSheet:
    :path: "../../../node_modules/react-native/Libraries/ActionSheetIOS"
  React-RCTAnimation:
    :path: "../../../node_modules/react-native/Libraries/NativeAnimation"
  React-RCTAppDelegate:
    :path: "../../../node_modules/react-native/Libraries/AppDelegate"
  React-RCTBlob:
    :path: "../../../node_modules/react-native/Libraries/Blob"
  React-RCTImage:
    :path: "../../../node_modules/react-native/Libraries/Image"
  React-RCTLinking:
    :path: "../../../node_modules/react-native/Libraries/LinkingIOS"
  React-RCTNetwork:
    :path: "../../../node_modules/react-native/Libraries/Network"
  React-RCTSettings:
    :path: "../../../node_modules/react-native/Libraries/Settings"
  React-RCTText:
    :path: "../../../node_modules/react-native/Libraries/Text"
  React-RCTVibration:
    :path: "../../../node_modules/react-native/Libraries/Vibration"
  React-rncore:
    :path: "../../../node_modules/react-native/ReactCommon"
  React-runtimeexecutor:
    :path: "../../../node_modules/react-native/ReactCommon/runtimeexecutor"
  React-runtimescheduler:
    :path: "../../../node_modules/react-native/ReactCommon/react/renderer/runtimescheduler"
  React-utils:
    :path: "../../../node_modules/react-native/ReactCommon/react/utils"
  ReactCommon:
    :path: "../../../node_modules/react-native/ReactCommon"
  ReactNativeCameraKit:
    :path: "../../../node_modules/react-native-camera-kit"
  ReactNativeKeyboardManager:
    :path: "../../../node_modules/react-native-keyboard-manager"
  RealmJS:
    :path: "../../../node_modules/realm"
  RNCAsyncStorage:
    :path: "../../../node_modules/@react-native-async-storage/async-storage"
  RNDeviceInfo:
    :path: "../../../node_modules/react-native-device-info"
  RNFileLogger:
    :path: "../../../node_modules/react-native-file-logger"
  RNFlashList:
    :path: "../../../node_modules/@shopify/flash-list"
  RNFS:
    :path: "../../../node_modules/react-native-fs"
  RNGestureHandler:
    :path: "../../../node_modules/react-native-gesture-handler"
  RNReanimated:
    :path: "../../../node_modules/react-native-reanimated"
  RNScreens:
    :path: "../../../node_modules/react-native-screens"
  RNShare:
    :path: "../../../node_modules/react-native-share"
  RNSVG:
    :path: "../../../node_modules/react-native-svg"
  RNZipArchive:
    :path: "../../../node_modules/react-native-zip-archive"
  Yoga:
    :path: "../../../node_modules/react-native/ReactCommon/yoga"

SPEC CHECKSUMS:
  boost: 57d2868c099736d80fcd648bf211b4431e51a558
  Burnt: 8b232817df0d3efd78797702a0a541cc5a8eebe5
  CocoaAsyncSocket: 065fd1e645c7abab64f7a6a2007a48038fdc6a99
  CocoaLumberjack: 5c7e64cdb877770859bddec4d3d5a0d7c9299df9
  DoubleConversion: 5189b271737e1565bdce30deb4a08d647e3f5f54
  EXApplication: 042aa2e3f05258a16962ea1a9914bf288db9c9a1
  EXAV: 523cd6969ca53b3b2762f18fb5450b76f84df44f
  EXBarCodeScanner: 296dd50f6c03928d1d71d37ea17473b304cfdb00
  EXCamera: a323a5942b5e7fc8349e17d728e91c18840ad561
  EXConstants: ce5bbea779da8031ac818c36bea41b10e14d04e1
  EXFileSystem: f8b838a880254de42a5a7da20ed5ce12e2697c1b
  EXFont: 738c44c390953ebcbab075a4848bfbef025fd9ee
  EXImageLoader: 03063370bc06ea1825713d3f55fe0455f7c88d04
  EXNotifications: 09394cbd7165f9a4a00a53328aa09bf874bae717
  Expo: e7d2116b947e2e6fdeb09ee4f2754f819426d1b6
  ExpoBlur: 545dd91ddcf7f51207d6011a6c4d27db9c9ab95a
  ExpoClipboard: d2f0e44d50e5ba07b02f5fb7bd280178b420e24e
  ExpoDevice: 1c1b0c9cad96c292c1de73948649cfd654b2b3c0
  ExpoHaptics: 604aca02e942d1d43c139cae7cf397b26f85476f
  ExpoImageManipulator: 6d37f811d47a89afb34c0ec2521c6a6ea5f5a5be
  ExpoImagePicker: 9e5c745cb3e56ee00e1cfe5d6af59caab66ecf1a
  ExpoKeepAwake: 69f5f627670d62318410392d03e0b5db0f85759a
  ExpoLinearGradient: 8eaab76b7f55c612ed8348c8be8c2a18a9b4529f
  ExpoLocalAuthentication: 2fed4b25cf8e54d36d5d1ebc9917e8325b3b5911
  ExpoLocalization: 2d5f47577d67ce991ebdd951edf14fe1db85fa06
  ExpoModulesCore: 51cb2e7ab4c8da14be3f40b66d54c1781002e99d
  ExpoSecureStore: 5372610a4bbcf5e50fafbe6f38f8d9c22edf8253
  EXSplashScreen: c0e7f2d4a640f3b875808ed0b88575538daf6d82
  FBLazyVector: 71803c074f6325f10b5ec891c443b6bbabef0ca7
  FBReactNativeSpec: cbf4959f694e9a387f94c80001fa43683537f830
  Flipper: 6edb735e6c3e332975d1b17956bcc584eccf5818
  Flipper-Boost-iOSX: fd1e2b8cbef7e662a122412d7ac5f5bea715403c
  Flipper-DoubleConversion: 2dc99b02f658daf147069aad9dbd29d8feb06d30
  Flipper-Fmt: 60cbdd92fc254826e61d669a5d87ef7015396a9b
  Flipper-Folly: 584845625005ff068a6ebf41f857f468decd26b3
  Flipper-Glog: 70c50ce58ddaf67dc35180db05f191692570f446
  Flipper-PeerTalk: 116d8f857dc6ef55c7a5a75ea3ceaafe878aadc9
  FlipperKit: 2efad7007d6745a3f95e4034d547be637f89d3f6
  fmt: ff9d55029c625d3757ed641535fd4a75fedc7ce9
  glog: 04b94705f318337d7ead9e6d17c019bd9b1f6b1b
  hermes-engine: f6cf92a471053245614d9d8097736f6337d5b86c
  IQKeyboardManagerSwift: c7955c0bdbf7b2eb29bb7daaa44e3d90f55a9a85
  libevent: 4049cae6c81cdb3654a443be001fb9bdceff7913
  lottie-ios: 25e7b2675dad5c3ddad369ac9baab03560c5bfdd
  lottie-react-native: c9f1db4f4124dcce9f8159e65d8dc6e8bcb11fb4
  MMKV: 5a07930c70c70b86cd87761a42c8f3836fb681d7
  MMKVCore: e50135dbd33235b6ab390635991bab437ab873c0
  OpenSSL-Universal: ebc357f1e6bc71fa463ccb2fe676756aff50e88c
  RCT-Folly: 424b8c9a7a0b9ab2886ffe9c3b041ef628fd4fb1
  RCTRequired: df81ab637d35fac9e6eb94611cfd20f0feb05455
  RCTTypeSafety: 4636e4a36c7c2df332bda6d59b19b41c443d4287
  React: e0cc5197a804031a6c53fb38483c3485fcb9d6f3
  React-callinvoker: 1a635856fe0c3d8b13fccd4ed7e76283b99b0868
  React-Codegen: 78d61f981cccc68a771a598f71621cb7db14b04c
  React-Core: 252f8e9ca5a4e91af9b9be58670846d662b1c49f
  React-CoreModules: f8b9e91fac7bd5d18729ce961a4978c70b5031cc
  React-cxxreact: 70284b32dcd367439d7dae84d9f72660544181b5
  React-debug: ee33d7ba43766d9b10b32561527b57ccfbcb6bd1
  React-hermes: 91f97ea2669dc5847e1f26c243aaad913319c570
  React-jsi: bd68b7779746014f01ea72d1b738809e132d7f1e
  React-jsiexecutor: ff70a72027dea5cc7d71cfcc6fad7f599f63987a
  React-jsinspector: aef73cbd43b70675f572214d10fa438c89bf11ba
  React-logger: 2e4aee3e11b3ec4fa6cfd8004610bbb3b8d6cca4
  react-native-get-random-values: dee677497c6a740b71e5612e8dbd83e7539ed5bb
  react-native-metrix: d65e435f30b0d303fff85b01794c33ad349dd329
  react-native-mmkv: 9ae7ca3977e8ef48dbf7f066974eb844c20b5fd7
  react-native-netinfo: 48c5f79a84fbc3ba1d28a8b0d04adeda72885fa8
  react-native-randombytes: 421f1c7d48c0af8dbcd471b0324393ebf8fe7846
  react-native-restart: 7595693413fe3ca15893702f2c8306c62a708162
  react-native-safe-area-context: 7aa8e6d9d0f3100a820efb1a98af68aa747f9284
  react-native-slider: 1cdd6ba29675df21f30544253bf7351d3c2d68c4
  react-native-tab-page-view: 35bba61d5d8036fdf23976439d613a43ef1f041c
  react-native-tcp-socket: e724380c910c2e704816ec817ed28f1342246ff7
  react-native-view-shot: 4475fde003fe8a210053d1f98fb9e06c1d834e1c
  react-native-webview: 6408bc328e65042d240d0ebd62baa76ffd23b1aa
  React-NativeModulesApple: 797bc6078d566eef3fb3f74127e6e1d2e945a15f
  React-perflogger: cd8886513f68e1c135a1e79d20575c6489641597
  React-RCTActionSheet: 726d2615ca62a77ce3e2c13d87f65379cdc73498
  React-RCTAnimation: 8f2716b881c37c64858e4ecee0f58bfa57ff9afd
  React-RCTAppDelegate: d4a213f29e81682f6b9c7d22f62a2ccab6d125ae
  React-RCTBlob: dfaa933231c3497915bbcc9d98fcff7b6b60582c
  React-RCTImage: 747e3d7b656a67470f9c234baedb8d41bbc4e745
  React-RCTLinking: 148332b5b0396b280b05534f7d168e560a3bbd5f
  React-RCTNetwork: 1d818121a8e678f064de663a6db7aaefc099e53c
  React-RCTSettings: 4b95d26ebc88bfd3b6535b2d7904914ff88dbfc2
  React-RCTText: ce4499e4f2d8f85dc4b93ff0559313a016c4f3e2
  React-RCTVibration: 45372e61b35e96d16893540958d156675afbeb63
  React-rncore: 88c3bd9c5195baed52dc4cbd12a4a2fbc1bf1121
  React-runtimeexecutor: 7e31e2bc6d0ecc83d4ba05eadc98401007abc10c
  React-runtimescheduler: cc32add98c45c5df18436a6a52a7e1f6edec102c
  React-utils: 7a9918a1ffdd39aba67835d42386f592ea3f8e76
  ReactCommon: 91ece8350ebb3dd2be9cef662abd78b6948233c0
  ReactNativeCameraKit: 32e04877e57e0eeab26e45817e3fd532e7d302fb
  ReactNativeKeyboardManager: 60292dbac467c49841a7d69588208ec4a4f7b2a2
  RealmJS: 4c52a15602e70b64cd9230b0a17a9c12741371f4
  RNCAsyncStorage: ddc4ee162bfd41b0d2c68bf2d95acd81dd7f1f93
  RNDeviceInfo: bf8a32acbcb875f568217285d1793b0e8588c974
  RNFileLogger: 9eaf7a6ea709eaaffe646cc485b98ae1dbf1e9f0
  RNFlashList: 4b4b6b093afc0df60ae08f9cbf6ccd4c836c667a
  RNFS: 4ac0f0ea233904cb798630b3c077808c06931688
  RNGestureHandler: fa40ab6b6cafaa7609294d31f8e8fbbd0cce8ea6
  RNReanimated: 9633f8c2e214b721e35e371b473fbf3a1522948d
  RNScreens: 2a28f2973f4d0d4623e18629ebfc2c4adaceb39a
  RNShare: 32e97adc8d8c97d4a26bcdd3c45516882184f8b6
  RNSVG: d00c8f91c3cbf6d476451313a18f04d220d4f396
  RNZipArchive: ef9451b849c45a29509bf44e65b788829ab07801
  SocketRocket: f32cd54efbe0f095c4d7594881e52619cfe80b17
  SPAlert: 735da1f16a887e294719217572ce1f936d8c8782
  SPIndicator: 93e0a4fb23de51294ac48e874c0f081a5e293e4f
  SSZipArchive: fe6a26b2a54d5a0890f2567b5cc6de5caa600aef
  Yoga: 86fed2e4d425ee4c6eab3813ba1791101ee153c6
  YogaKit: f782866e155069a2cca2517aafea43200b01fd5a
  ZXingObjC: 8898711ab495761b2dbbdec76d90164a6d7e14c5

PODFILE CHECKSUM: ec8d48e35e02009d25628accc05f708f9632b5cf

COCOAPODS: 1.12.1
